// !$*UTF8*$!
{
	archiveVersion = 1;
	classes = {
	};
	objectVersion = 46;
	objects = {

/* Begin PBXBuildFile section */
		DAD938041C3132170002F69B /* main.m in Sources */ = {isa = PBXBuildFile; fileRef = DAD938031C3132170002F69B /* main.m */; };
		DAD9380D1C3132170002F69B /* Main.storyboard in Resources */ = {isa = PBXBuildFile; fileRef = DAD9380B1C3132170002F69B /* Main.storyboard */; };
		DAD9380F1C3132170002F69B /* Images.xcassets in Resources */ = {isa = PBXBuildFile; fileRef = DAD9380E1C3132170002F69B /* Images.xcassets */; };
		DAD938121C3132170002F69B /* LaunchScreen.xib in Resources */ = {isa = PBXBuildFile; fileRef = DAD938101C3132170002F69B /* LaunchScreen.xib */; };
		DAD9381E1C3132170002F69B /* YPReusableControllerTests.m in Sources */ = {isa = PBXBuildFile; fileRef = DAD9381D1C3132170002F69B /* YPReusableControllerTests.m */; };
		DAD9382C1C3132530002F69B /* AppDelegate.m in Sources */ = {isa = PBXBuildFile; fileRef = DAD938291C3132530002F69B /* AppDelegate.m */; };
		DAD9382D1C3132530002F69B /* ViewController.m in Sources */ = {isa = PBXBuildFile; fileRef = DAD9382B1C3132530002F69B /* ViewController.m */; };
/* End PBXBuildFile section */

/* Begin PBXContainerItemProxy section */
		DAD938181C3132170002F69B /* PBXContainerItemProxy */ = {
			isa = PBXContainerItemProxy;
			containerPortal = DAD937F61C3132170002F69B /* Project object */;
			proxyType = 1;
			remoteGlobalIDString = DAD937FD1C3132170002F69B;
			remoteInfo = YPReusableController;
		};
/* End PBXContainerItemProxy section */

/* Begin PBXFileReference section */
		DAD937FE1C3132170002F69B /* YPReusableController.app */ = {isa = PBXFileReference; explicitFileType = wrapper.application; includeInIndex = 0; path = YPReusableController.app; sourceTree = BUILT_PRODUCTS_DIR; };
		DAD938021C3132170002F69B /* Info.plist */ = {isa = PBXFileReference; lastKnownFileType = text.plist.xml; path = Info.plist; sourceTree = "<group>"; };
		DAD938031C3132170002F69B /* main.m */ = {isa = PBXFileReference; lastKnownFileType = sourcecode.c.objc; path = main.m; sourceTree = "<group>"; };
		DAD9380C1C3132170002F69B /* Base */ = {isa = PBXFileReference; lastKnownFileType = file.storyboard; name = Base; path = Base.lproj/Main.storyboard; sourceTree = "<group>"; };
		DAD9380E1C3132170002F69B /* Images.xcassets */ = {isa = PBXFileReference; lastKnownFileType = folder.assetcatalog; path = Images.xcassets; sourceTree = "<group>"; };
		DAD938111C3132170002F69B /* Base */ = {isa = PBXFileReference; lastKnownFileType = file.xib; name = Base; path = Base.lproj/LaunchScreen.xib; sourceTree = "<group>"; };
		DAD938171C3132170002F69B /* YPReusableControllerTests.xctest */ = {isa = PBXFileReference; explicitFileType = wrapper.cfbundle; includeInIndex = 0; path = YPReusableControllerTests.xctest; sourceTree = BUILT_PRODUCTS_DIR; };
		DAD9381C1C3132170002F69B /* Info.plist */ = {isa = PBXFileReference; lastKnownFileType = text.plist.xml; path = Info.plist; sourceTree = "<group>"; };
		DAD9381D1C3132170002F69B /* YPReusableControllerTests.m */ = {isa = PBXFileReference; lastKnownFileType = sourcecode.c.objc; path = YPReusableControllerTests.m; sourceTree = "<group>"; };
		DAD938281C3132530002F69B /* AppDelegate.h */ = {isa = PBXFileReference; fileEncoding = 4; lastKnownFileType = sourcecode.c.h; path = AppDelegate.h; sourceTree = "<group>"; };
		DAD938291C3132530002F69B /* AppDelegate.m */ = {isa = PBXFileReference; fileEncoding = 4; lastKnownFileType = sourcecode.c.objc; path = AppDelegate.m; sourceTree = "<group>"; };
		DAD9382A1C3132530002F69B /* ViewController.h */ = {isa = PBXFileReference; fileEncoding = 4; lastKnownFileType = sourcecode.c.h; path = ViewController.h; sourceTree = "<group>"; };
		DAD9382B1C3132530002F69B /* ViewController.m */ = {isa = PBXFileReference; fileEncoding = 4; lastKnownFileType = sourcecode.c.objc; path = ViewController.m; sourceTree = "<group>"; };
/* End PBXFileReference section */

/* Begin PBXFrameworksBuildPhase section */
		DAD937FB1C3132170002F69B /* Frameworks */ = {
			isa = PBXFrameworksBuildPhase;
			buildActionMask = 2147483647;
			files = (
			);
			runOnlyForDeploymentPostprocessing = 0;
		};
		DAD938141C3132170002F69B /* Frameworks */ = {
			isa = PBXFrameworksBuildPhase;
			buildActionMask = 2147483647;
			files = (
			);
			runOnlyForDeploymentPostprocessing = 0;
		};
/* End PBXFrameworksBuildPhase section */

/* Begin PBXGroup section */
		DAD937F51C3132170002F69B = {
			isa = PBXGroup;
			children = (
				DAD938001C3132170002F69B /* YPReusableController */,
				DAD9381A1C3132170002F69B /* YPReusableControllerTests */,
				DAD937FF1C3132170002F69B /* Products */,
			);
			sourceTree = "<group>";
		};
		DAD937FF1C3132170002F69B /* Products */ = {
			isa = PBXGroup;
			children = (
				DAD937FE1C3132170002F69B /* YPReusableController.app */,
				DAD938171C3132170002F69B /* YPReusableControllerTests.xctest */,
			);
			name = Products;
			sourceTree = "<group>";
		};
		DAD938001C3132170002F69B /* YPReusableController */ = {
			isa = PBXGroup;
			children = (
				DAD9382E1C3132670002F69B /* YPReusableController */,
				DAD938271C3132530002F69B /* Demo */,
				DAD938011C3132170002F69B /* Supporting Files */,
			);
			path = YPReusableController;
			sourceTree = "<group>";
		};
		DAD938011C3132170002F69B /* Supporting Files */ = {
			isa = PBXGroup;
			children = (
				DAD9380B1C3132170002F69B /* Main.storyboard */,
				DAD9380E1C3132170002F69B /* Images.xcassets */,
				DAD938101C3132170002F69B /* LaunchScreen.xib */,
				DAD938021C3132170002F69B /* Info.plist */,
				DAD938031C3132170002F69B /* main.m */,
			);
			name = "Supporting Files";
			sourceTree = "<group>";
		};
		DAD9381A1C3132170002F69B /* YPReusableControllerTests */ = {
			isa = PBXGroup;
			children = (
				DAD9381D1C3132170002F69B /* YPReusableControllerTests.m */,
				DAD9381B1C3132170002F69B /* Supporting Files */,
			);
			path = YPReusableControllerTests;
			sourceTree = "<group>";
		};
		DAD9381B1C3132170002F69B /* Supporting Files */ = {
			isa = PBXGroup;
			children = (
				DAD9381C1C3132170002F69B /* Info.plist */,
			);
			name = "Supporting Files";
			sourceTree = "<group>";
		};
		DAD938271C3132530002F69B /* Demo */ = {
			isa = PBXGroup;
			children = (
				DAD938281C3132530002F69B /* AppDelegate.h */,
				DAD938291C3132530002F69B /* AppDelegate.m */,
				DAD9382A1C3132530002F69B /* ViewController.h */,
				DAD9382B1C3132530002F69B /* ViewController.m */,
			);
			path = Demo;
			sourceTree = "<group>";
		};
		DAD9382E1C3132670002F69B /* YPReusableController */ = {
			isa = PBXGroup;
			children = (
			);
			path = YPReusableController;
			sourceTree = "<group>";
		};
/* End PBXGroup section */

/* Begin PBXNativeTarget section */
		DAD937FD1C3132170002F69B /* YPReusableController */ = {
			isa = PBXNativeTarget;
			buildConfigurationList = DAD938211C3132170002F69B /* Build configuration list for PBXNativeTarget "YPReusableController" */;
			buildPhases = (
				DAD937FA1C3132170002F69B /* Sources */,
				DAD937FB1C3132170002F69B /* Frameworks */,
				DAD937FC1C3132170002F69B /* Resources */,
			);
			buildRules = (
			);
			dependencies = (
			);
			name = YPReusableController;
			productName = YPReusableController;
			productReference = DAD937FE1C3132170002F69B /* YPReusableController.app */;
			productType = "com.apple.product-type.application";
		};
		DAD938161C3132170002F69B /* YPReusableControllerTests */ = {
			isa = PBXNativeTarget;
			buildConfigurationList = DAD938241C3132170002F69B /* Build configuration list for PBXNativeTarget "YPReusableControllerTests" */;
			buildPhases = (
				DAD938131C3132170002F69B /* Sources */,
				DAD938141C3132170002F69B /* Frameworks */,
				DAD938151C3132170002F69B /* Resources */,
			);
			buildRules = (
			);
			dependencies = (
				DAD938191C3132170002F69B /* PBXTargetDependency */,
			);
			name = YPReusableControllerTests;
			productName = YPReusableControllerTests;
			productReference = DAD938171C3132170002F69B /* YPReusableControllerTests.xctest */;
			productType = "com.apple.product-type.bundle.unit-test";
		};
/* End PBXNativeTarget section */

/* Begin PBXProject section */
		DAD937F61C3132170002F69B /* Project object */ = {
			isa = PBXProject;
			attributes = {
				LastUpgradeCheck = 0640;
				ORGANIZATIONNAME = tyiti;
				TargetAttributes = {
					DAD937FD1C3132170002F69B = {
						CreatedOnToolsVersion = 6.4;
					};
					DAD938161C3132170002F69B = {
						CreatedOnToolsVersion = 6.4;
						TestTargetID = DAD937FD1C3132170002F69B;
					};
				};
			};
			buildConfigurationList = DAD937F91C3132170002F69B /* Build configuration list for PBXProject "YPReusableController" */;
			compatibilityVersion = "Xcode 3.2";
			developmentRegion = English;
			hasScannedForEncodings = 0;
			knownRegions = (
				en,
				Base,
			);
			mainGroup = DAD937F51C3132170002F69B;
			productRefGroup = DAD937FF1C3132170002F69B /* Products */;
			projectDirPath = "";
			projectRoot = "";
			targets = (
				DAD937FD1C3132170002F69B /* YPReusableController */,
				DAD938161C3132170002F69B /* YPReusableControllerTests */,
			);
		};
/* End PBXProject section */

/* Begin PBXResourcesBuildPhase section */
		DAD937FC1C3132170002F69B /* Resources */ = {
			isa = PBXResourcesBuildPhase;
			buildActionMask = 2147483647;
			files = (
				DAD9380D1C3132170002F69B /* Main.storyboard in Resources */,
				DAD938121C3132170002F69B /* LaunchScreen.xib in Resources */,
				DAD9380F1C3132170002F69B /* Images.xcassets in Resources */,
			);
			runOnlyForDeploymentPostprocessing = 0;
		};
		DAD938151C3132170002F69B /* Resources */ = {
			isa = PBXResourcesBuildPhase;
			buildActionMask = 2147483647;
			files = (
			);
			runOnlyForDeploymentPostprocessing = 0;
		};
/* End PBXResourcesBuildPhase section */

/* Begin PBXSourcesBuildPhase section */
		DAD937FA1C3132170002F69B /* Sources */ = {
			isa = PBXSourcesBuildPhase;
			buildActionMask = 2147483647;
			files = (
				DAD9382D1C3132530002F69B /* ViewController.m in Sources */,
				DAD9382C1C3132530002F69B /* AppDelegate.m in Sources */,
				DAD938041C3132170002F69B /* main.m in Sources */,
			);
			runOnlyForDeploymentPostprocessing = 0;
		};
		DAD938131C3132170002F69B /* Sources */ = {
			isa = PBXSourcesBuildPhase;
			buildActionMask = 2147483647;
			files = (
				DAD9381E1C3132170002F69B /* YPReusableControllerTests.m in Sources */,
			);
			runOnlyForDeploymentPostprocessing = 0;
		};
/* End PBXSourcesBuildPhase section */

/* Begin PBXTargetDependency section */
		DAD938191C3132170002F69B /* PBXTargetDependency */ = {
			isa = PBXTargetDependency;
			target = DAD937FD1C3132170002F69B /* YPReusableController */;
			targetProxy = DAD938181C3132170002F69B /* PBXContainerItemProxy */;
		};
/* End PBXTargetDependency section */

/* Begin PBXVariantGroup section */
		DAD9380B1C3132170002F69B /* Main.storyboard */ = {
			isa = PBXVariantGroup;
			children = (
				DAD9380C1C3132170002F69B /* Base */,
			);
			name = Main.storyboard;
			sourceTree = "<group>";
		};
		DAD938101C3132170002F69B /* LaunchScreen.xib */ = {
			isa = PBXVariantGroup;
			children = (
				DAD938111C3132170002F69B /* Base */,
			);
			name = LaunchScreen.xib;
			sourceTree = "<group>";
		};
/* End PBXVariantGroup section */

/* Begin XCBuildConfiguration section */
		DAD9381F1C3132170002F69B /* Debug */ = {
			isa = XCBuildConfiguration;
			buildSettings = {
				ALWAYS_SEARCH_USER_PATHS = NO;
				CLANG_CXX_LANGUAGE_STANDARD = "gnu++0x";
				CLANG_CXX_LIBRARY = "libc++";
				CLANG_ENABLE_MODULES = YES;
				CLANG_ENABLE_OBJC_ARC = YES;
				CLANG_WARN_BOOL_CONVERSION = YES;
				CLANG_WARN_CONSTANT_CONVERSION = YES;
				CLANG_WARN_DIRECT_OBJC_ISA_USAGE = YES_ERROR;
				CLANG_WARN_EMPTY_BODY = YES;
				CLANG_WARN_ENUM_CONVERSION = YES;
				CLANG_WARN_INT_CONVERSION = YES;
				CLANG_WARN_OBJC_ROOT_CLASS = YES_ERROR;
				CLANG_WARN_UNREACHABLE_CODE = YES;
				CLANG_WARN__DUPLICATE_METHOD_MATCH = YES;
				"CODE_SIGN_IDENTITY[sdk=iphoneos*]" = "iPhone Developer";
				COPY_PHASE_STRIP = NO;
				DEBUG_INFORMATION_FORMAT = "dwarf-with-dsym";
				ENABLE_STRICT_OBJC_MSGSEND = YES;
				GCC_C_LANGUAGE_STANDARD = gnu99;
				GCC_DYNAMIC_NO_PIC = NO;
				GCC_NO_COMMON_BLOCKS = YES;
				GCC_OPTIMIZATION_LEVEL = 0;
				GCC_PREPROCESSOR_DEFINITIONS = (
					"DEBUG=1",
					"$(inherited)",
				);
				GCC_SYMBOLS_PRIVATE_EXTERN = NO;
				GCC_WARN_64_TO_32_BIT_CONVERSION = YES;
				GCC_WARN_ABOUT_RETURN_TYPE = YES_ERROR;
				GCC_WARN_UNDECLARED_SELECTOR = YES;
				GCC_WARN_UNINITIALIZED_AUTOS = YES_AGGRESSIVE;
				GCC_WARN_UNUSED_FUNCTION = YES;
				GCC_WARN_UNUSED_VARIABLE = YES;
				IPHONEOS_DEPLOYMENT_TARGET = 8.4;
				MTL_ENABLE_DEBUG_INFO = YES;
				ONLY_ACTIVE_ARCH = YES;
				SDKROOT = iphoneos;
			};
			name = Debug;
		};
		DAD938201C3132170002F69B /* Release */ = {
			isa = XCBuildConfiguration;
			buildSettings = {
				ALWAYS_SEARCH_USER_PATHS = NO;
				CLANG_CXX_LANGUAGE_STANDARD = "gnu++0x";
				CLANG_CXX_LIBRARY = "libc++";
				CLANG_ENABLE_MODULES = YES;
				CLANG_ENABLE_OBJC_ARC = YES;
				CLANG_WARN_BOOL_CONVERSION = YES;
				CLANG_WARN_CONSTANT_CONVERSION = YES;
				CLANG_WARN_DIRECT_OBJC_ISA_USAGE = YES_ERROR;
				CLANG_WARN_EMPTY_BODY = YES;
				CLANG_WARN_ENUM_CONVERSION = YES;
				CLANG_WARN_INT_CONVERSION = YES;
				CLANG_WARN_OBJC_ROOT_CLASS = YES_ERROR;
				CLANG_WARN_UNREACHABLE_CODE = YES;
				CLANG_WARN__DUPLICATE_METHOD_MATCH = YES;
				"CODE_SIGN_IDENTITY[sdk=iphoneos*]" = "iPhone Developer";
				COPY_PHASE_STRIP = NO;
				DEBUG_INFORMATION_FORMAT = "dwarf-with-dsym";
				ENABLE_NS_ASSERTIONS = NO;
				ENABLE_STRICT_OBJC_MSGSEND = YES;
				GCC_C_LANGUAGE_STANDARD = gnu99;
				GCC_NO_COMMON_BLOCKS = YES;
				GCC_WARN_64_TO_32_BIT_CONVERSION = YES;
				GCC_WARN_ABOUT_RETURN_TYPE = YES_ERROR;
				GCC_WARN_UNDECLARED_SELECTOR = YES;
				GCC_WARN_UNINITIALIZED_AUTOS = YES_AGGRESSIVE;
				GCC_WARN_UNUSED_FUNCTION = YES;
				GCC_WARN_UNUSED_VARIABLE = YES;
				IPHONEOS_DEPLOYMENT_TARGET = 8.4;
				MTL_ENABLE_DEBUG_INFO = NO;
				SDKROOT = iphoneos;
				VALIDATE_PRODUCT = YES;
			};
			name = Release;
		};
		DAD938221C3132170002F69B /* Debug */ = {
			isa = XCBuildConfiguration;
			buildSettings = {
				ASSETCATALOG_COMPILER_APPICON_NAME = AppIcon;
				INFOPLIST_FILE = YPReusableController/Info.plist;
				LD_RUNPATH_SEARCH_PATHS = "$(inherited) @executable_path/Frameworks";
				PRODUCT_NAME = "$(TARGET_NAME)";
			};
			name = Debug;
		};
		DAD938231C3132170002F69B /* Release */ = {
			isa = XCBuildConfiguration;
			buildSettings = {
				ASSETCATALOG_COMPILER_APPICON_NAME = AppIcon;
				INFOPLIST_FILE = YPReusableController/Info.plist;
				LD_RUNPATH_SEARCH_PATHS = "$(inherited) @executable_path/Frameworks";
				PRODUCT_NAME = "$(TARGET_NAME)";
			};
			name = Release;
		};
		DAD938251C3132170002F69B /* Debug */ = {
			isa = XCBuildConfiguration;
			buildSettings = {
				BUNDLE_LOADER = "$(TEST_HOST)";
				FRAMEWORK_SEARCH_PATHS = (
					"$(SDKROOT)/Developer/Library/Frameworks",
					"$(inherited)",
				);
				GCC_PREPROCESSOR_DEFINITIONS = (
					"DEBUG=1",
					"$(inherited)",
				);
				INFOPLIST_FILE = YPReusableControllerTests/Info.plist;
				LD_RUNPATH_SEARCH_PATHS = "$(inherited) @executable_path/Frameworks @loader_path/Frameworks";
				PRODUCT_NAME = "$(TARGET_NAME)";
				TEST_HOST = "$(BUILT_PRODUCTS_DIR)/YPReusableController.app/YPReusableController";
			};
			name = Debug;
		};
		DAD938261C3132170002F69B /* Release */ = {
			isa = XCBuildConfiguration;
			buildSettings = {
				BUNDLE_LOADER = "$(TEST_HOST)";
				FRAMEWORK_SEARCH_PATHS = (
					"$(SDKROOT)/Developer/Library/Frameworks",
					"$(inherited)",
				);
				INFOPLIST_FILE = YPReusableControllerTests/Info.plist;
				LD_RUNPATH_SEARCH_PATHS = "$(inherited) @executable_path/Frameworks @loader_path/Frameworks";
				PRODUCT_NAME = "$(TARGET_NAME)";
				TEST_HOST = "$(BUILT_PRODUCTS_DIR)/YPReusableController.app/YPReusableController";
			};
			name = Release;
		};
/* End XCBuildConfiguration section */

/* Begin XCConfigurationList section */
		DAD937F91C3132170002F69B /* Build configuration list for PBXProject "YPReusableController" */ = {
			isa = XCConfigurationList;
			buildConfigurations = (
				DAD9381F1C3132170002F69B /* Debug */,
				DAD938201C3132170002F69B /* Release */,
			);
			defaultConfigurationIsVisible = 0;
			defaultConfigurationName = Release;
		};
		DAD938211C3132170002F69B /* Build configuration list for PBXNativeTarget "YPReusableController" */ = {
			isa = XCConfigurationList;
			buildConfigurations = (
				DAD938221C3132170002F69B /* Debug */,
				DAD938231C3132170002F69B /* Release */,
			);
			defaultConfigurationIsVisible = 0;
		};
		DAD938241C3132170002F69B /* Build configuration list for PBXNativeTarget "YPReusableControllerTests" */ = {
			isa = XCConfigurationList;
			buildConfigurations = (
				DAD938251C3132170002F69B /* Debug */,
				DAD938261C3132170002F69B /* Release */,
			);
			defaultConfigurationIsVisible = 0;
		};
/* End XCConfigurationList section */
	};
	rootObject = DAD937F61C3132170002F69B /* Project object */;
}
